// !$*UTF8*$!
{
	archiveVersion = 1;
	classes = {
	};
	objectVersion = 46;
	objects = {

/* Begin PBXBuildFile section */
		52D982C71C8E7D7200409B4B /* main.m in Sources */ = {isa = PBXBuildFile; fileRef = 52D982C61C8E7D7200409B4B /* main.m */; };
		52D982CA1C8E7D7200409B4B /* AppDelegate.m in Sources */ = {isa = PBXBuildFile; fileRef = 52D982C91C8E7D7200409B4B /* AppDelegate.m */; };
		52D982CD1C8E7D7200409B4B /* ViewController.m in Sources */ = {isa = PBXBuildFile; fileRef = 52D982CC1C8E7D7200409B4B /* ViewController.m */; };
		52D982D01C8E7D7200409B4B /* Main.storyboard in Resources */ = {isa = PBXBuildFile; fileRef = 52D982CE1C8E7D7200409B4B /* Main.storyboard */; };
		52D982D21C8E7D7200409B4B /* Assets.xcassets in Resources */ = {isa = PBXBuildFile; fileRef = 52D982D11C8E7D7200409B4B /* Assets.xcassets */; };
		52D982D51C8E7D7200409B4B /* LaunchScreen.storyboard in Resources */ = {isa = PBXBuildFile; fileRef = 52D982D31C8E7D7200409B4B /* LaunchScreen.storyboard */; };
		52D982E01C8E7D7200409B4B /* SPHttpWithCacheTests.m in Sources */ = {isa = PBXBuildFile; fileRef = 52D982DF1C8E7D7200409B4B /* SPHttpWithCacheTests.m */; };
		52D982EB1C8E7D7200409B4B /* SPHttpWithCacheUITests.m in Sources */ = {isa = PBXBuildFile; fileRef = 52D982EA1C8E7D7200409B4B /* SPHttpWithCacheUITests.m */; };
		52D982FA1C8E803100409B4B /* SPHttpWithYYCache.m in Sources */ = {isa = PBXBuildFile; fileRef = 52D982F91C8E803100409B4B /* SPHttpWithYYCache.m */; };
		FDA1C11FEEACAB0C24085348 /* libPods.a in Frameworks */ = {isa = PBXBuildFile; fileRef = 744CBF6D2515B4822441510B /* libPods.a */; };
/* End PBXBuildFile section */

/* Begin PBXContainerItemProxy section */
		52D982DC1C8E7D7200409B4B /* PBXContainerItemProxy */ = {
			isa = PBXContainerItemProxy;
			containerPortal = 52D982BA1C8E7D7200409B4B /* Project object */;
			proxyType = 1;
			remoteGlobalIDString = 52D982C11C8E7D7200409B4B;
			remoteInfo = SPHttpWithCache;
		};
		52D982E71C8E7D7200409B4B /* PBXContainerItemProxy */ = {
			isa = PBXContainerItemProxy;
			containerPortal = 52D982BA1C8E7D7200409B4B /* Project object */;
			proxyType = 1;
			remoteGlobalIDString = 52D982C11C8E7D7200409B4B;
			remoteInfo = SPHttpWithCache;
		};
/* End PBXContainerItemProxy section */

/* Begin PBXFileReference section */
		3543618143A691E8E1AFFF13 /* Pods.release.xcconfig */ = {isa = PBXFileReference; includeInIndex = 1; lastKnownFileType = text.xcconfig; name = Pods.release.xcconfig; path = "Pods/Target Support Files/Pods/Pods.release.xcconfig"; sourceTree = "<group>"; };
		52D982C21C8E7D7200409B4B /* SPHttpWithCache.app */ = {isa = PBXFileReference; explicitFileType = wrapper.application; includeInIndex = 0; path = SPHttpWithCache.app; sourceTree = BUILT_PRODUCTS_DIR; };
		52D982C61C8E7D7200409B4B /* main.m */ = {isa = PBXFileReference; lastKnownFileType = sourcecode.c.objc; path = main.m; sourceTree = "<group>"; };
		52D982C81C8E7D7200409B4B /* AppDelegate.h */ = {isa = PBXFileReference; lastKnownFileType = sourcecode.c.h; path = AppDelegate.h; sourceTree = "<group>"; };
		52D982C91C8E7D7200409B4B /* AppDelegate.m */ = {isa = PBXFileReference; lastKnownFileType = sourcecode.c.objc; path = AppDelegate.m; sourceTree = "<group>"; };
		52D982CB1C8E7D7200409B4B /* ViewController.h */ = {isa = PBXFileReference; lastKnownFileType = sourcecode.c.h; path = ViewController.h; sourceTree = "<group>"; };
		52D982CC1C8E7D7200409B4B /* ViewController.m */ = {isa = PBXFileReference; lastKnownFileType = sourcecode.c.objc; path = ViewController.m; sourceTree = "<group>"; };
		52D982CF1C8E7D7200409B4B /* Base */ = {isa = PBXFileReference; lastKnownFileType = file.storyboard; name = Base; path = Base.lproj/Main.storyboard; sourceTree = "<group>"; };
		52D982D11C8E7D7200409B4B /* Assets.xcassets */ = {isa = PBXFileReference; lastKnownFileType = folder.assetcatalog; path = Assets.xcassets; sourceTree = "<group>"; };
		52D982D41C8E7D7200409B4B /* Base */ = {isa = PBXFileReference; lastKnownFileType = file.storyboard; name = Base; path = Base.lproj/LaunchScreen.storyboard; sourceTree = "<group>"; };
		52D982D61C8E7D7200409B4B /* Info.plist */ = {isa = PBXFileReference; lastKnownFileType = text.plist.xml; path = Info.plist; sourceTree = "<group>"; };
		52D982DB1C8E7D7200409B4B /* SPHttpWithCacheTests.xctest */ = {isa = PBXFileReference; explicitFileType = wrapper.cfbundle; includeInIndex = 0; path = SPHttpWithCacheTests.xctest; sourceTree = BUILT_PRODUCTS_DIR; };
		52D982DF1C8E7D7200409B4B /* SPHttpWithCacheTests.m */ = {isa = PBXFileReference; lastKnownFileType = sourcecode.c.objc; path = SPHttpWithCacheTests.m; sourceTree = "<group>"; };
		52D982E11C8E7D7200409B4B /* Info.plist */ = {isa = PBXFileReference; lastKnownFileType = text.plist.xml; path = Info.plist; sourceTree = "<group>"; };
		52D982E61C8E7D7200409B4B /* SPHttpWithCacheUITests.xctest */ = {isa = PBXFileReference; explicitFileType = wrapper.cfbundle; includeInIndex = 0; path = SPHttpWithCacheUITests.xctest; sourceTree = BUILT_PRODUCTS_DIR; };
		52D982EA1C8E7D7200409B4B /* SPHttpWithCacheUITests.m */ = {isa = PBXFileReference; lastKnownFileType = sourcecode.c.objc; path = SPHttpWithCacheUITests.m; sourceTree = "<group>"; };
		52D982EC1C8E7D7200409B4B /* Info.plist */ = {isa = PBXFileReference; lastKnownFileType = text.plist.xml; path = Info.plist; sourceTree = "<group>"; };
		52D982F81C8E803100409B4B /* SPHttpWithYYCache.h */ = {isa = PBXFileReference; fileEncoding = 4; lastKnownFileType = sourcecode.c.h; path = SPHttpWithYYCache.h; sourceTree = "<group>"; };
		52D982F91C8E803100409B4B /* SPHttpWithYYCache.m */ = {isa = PBXFileReference; fileEncoding = 4; lastKnownFileType = sourcecode.c.objc; path = SPHttpWithYYCache.m; sourceTree = "<group>"; };
		744CBF6D2515B4822441510B /* libPods.a */ = {isa = PBXFileReference; explicitFileType = archive.ar; includeInIndex = 0; path = libPods.a; sourceTree = BUILT_PRODUCTS_DIR; };
		DBB9C43E700CDB081AB49EB5 /* Pods.debug.xcconfig */ = {isa = PBXFileReference; includeInIndex = 1; lastKnownFileType = text.xcconfig; name = Pods.debug.xcconfig; path = "Pods/Target Support Files/Pods/Pods.debug.xcconfig"; sourceTree = "<group>"; };
/* End PBXFileReference section */

/* Begin PBXFrameworksBuildPhase section */
		52D982BF1C8E7D7200409B4B /* Frameworks */ = {
			isa = PBXFrameworksBuildPhase;
			buildActionMask = 2147483647;
			files = (
				FDA1C11FEEACAB0C24085348 /* libPods.a in Frameworks */,
			);
			runOnlyForDeploymentPostprocessing = 0;
		};
		52D982D81C8E7D7200409B4B /* Frameworks */ = {
			isa = PBXFrameworksBuildPhase;
			buildActionMask = 2147483647;
			files = (
			);
			runOnlyForDeploymentPostprocessing = 0;
		};
		52D982E31C8E7D7200409B4B /* Frameworks */ = {
			isa = PBXFrameworksBuildPhase;
			buildActionMask = 2147483647;
			files = (
			);
			runOnlyForDeploymentPostprocessing = 0;
		};
/* End PBXFrameworksBuildPhase section */

/* Begin PBXGroup section */
		52D982B91C8E7D7200409B4B = {
			isa = PBXGroup;
			children = (
				52D982C41C8E7D7200409B4B /* SPHttpWithCache */,
				52D982DE1C8E7D7200409B4B /* SPHttpWithCacheTests */,
				52D982E91C8E7D7200409B4B /* SPHttpWithCacheUITests */,
				52D982C31C8E7D7200409B4B /* Products */,
				EB941AA06AC87357DF10C49F /* Pods */,
				DA9C52AF94F0E74BC9F17F18 /* Frameworks */,
			);
			sourceTree = "<group>";
		};
		52D982C31C8E7D7200409B4B /* Products */ = {
			isa = PBXGroup;
			children = (
				52D982C21C8E7D7200409B4B /* SPHttpWithCache.app */,
				52D982DB1C8E7D7200409B4B /* SPHttpWithCacheTests.xctest */,
				52D982E61C8E7D7200409B4B /* SPHttpWithCacheUITests.xctest */,
			);
			name = Products;
			sourceTree = "<group>";
		};
		52D982C41C8E7D7200409B4B /* SPHttpWithCache */ = {
			isa = PBXGroup;
			children = (
				52D982C81C8E7D7200409B4B /* AppDelegate.h */,
				52D982C91C8E7D7200409B4B /* AppDelegate.m */,
				52D982CB1C8E7D7200409B4B /* ViewController.h */,
				52D982CC1C8E7D7200409B4B /* ViewController.m */,
				52D982F81C8E803100409B4B /* SPHttpWithYYCache.h */,
				52D982F91C8E803100409B4B /* SPHttpWithYYCache.m */,
				52D982CE1C8E7D7200409B4B /* Main.storyboard */,
				52D982D11C8E7D7200409B4B /* Assets.xcassets */,
				52D982D31C8E7D7200409B4B /* LaunchScreen.storyboard */,
				52D982D61C8E7D7200409B4B /* Info.plist */,
				52D982C51C8E7D7200409B4B /* Supporting Files */,
			);
			path = SPHttpWithCache;
			sourceTree = "<group>";
		};
		52D982C51C8E7D7200409B4B /* Supporting Files */ = {
			isa = PBXGroup;
			children = (
				52D982C61C8E7D7200409B4B /* main.m */,
			);
			name = "Supporting Files";
			sourceTree = "<group>";
		};
		52D982DE1C8E7D7200409B4B /* SPHttpWithCacheTests */ = {
			isa = PBXGroup;
			children = (
				52D982DF1C8E7D7200409B4B /* SPHttpWithCacheTests.m */,
				52D982E11C8E7D7200409B4B /* Info.plist */,
			);
			path = SPHttpWithCacheTests;
			sourceTree = "<group>";
		};
		52D982E91C8E7D7200409B4B /* SPHttpWithCacheUITests */ = {
			isa = PBXGroup;
			children = (
				52D982EA1C8E7D7200409B4B /* SPHttpWithCacheUITests.m */,
				52D982EC1C8E7D7200409B4B /* Info.plist */,
			);
			path = SPHttpWithCacheUITests;
			sourceTree = "<group>";
		};
		DA9C52AF94F0E74BC9F17F18 /* Frameworks */ = {
			isa = PBXGroup;
			children = (
				744CBF6D2515B4822441510B /* libPods.a */,
			);
			name = Frameworks;
			sourceTree = "<group>";
		};
		EB941AA06AC87357DF10C49F /* Pods */ = {
			isa = PBXGroup;
			children = (
				DBB9C43E700CDB081AB49EB5 /* Pods.debug.xcconfig */,
				3543618143A691E8E1AFFF13 /* Pods.release.xcconfig */,
			);
			name = Pods;
			sourceTree = "<group>";
		};
/* End PBXGroup section */

/* Begin PBXNativeTarget section */
		52D982C11C8E7D7200409B4B /* SPHttpWithCache */ = {
			isa = PBXNativeTarget;
			buildConfigurationList = 52D982EF1C8E7D7200409B4B /* Build configuration list for PBXNativeTarget "SPHttpWithCache" */;
			buildPhases = (
				64EE1232CF694667758F0494 /* Check Pods Manifest.lock */,
				52D982BE1C8E7D7200409B4B /* Sources */,
				52D982BF1C8E7D7200409B4B /* Frameworks */,
				52D982C01C8E7D7200409B4B /* Resources */,
				61E91BFA341143E04BF7288E /* Embed Pods Frameworks */,
				6770772EC621185F49DA1966 /* Copy Pods Resources */,
			);
			buildRules = (
			);
			dependencies = (
			);
			name = SPHttpWithCache;
			productName = SPHttpWithCache;
			productReference = 52D982C21C8E7D7200409B4B /* SPHttpWithCache.app */;
			productType = "com.apple.product-type.application";
		};
		52D982DA1C8E7D7200409B4B /* SPHttpWithCacheTests */ = {
			isa = PBXNativeTarget;
			buildConfigurationList = 52D982F21C8E7D7200409B4B /* Build configuration list for PBXNativeTarget "SPHttpWithCacheTests" */;
			buildPhases = (
				52D982D71C8E7D7200409B4B /* Sources */,
				52D982D81C8E7D7200409B4B /* Frameworks */,
				52D982D91C8E7D7200409B4B /* Resources */,
			);
			buildRules = (
			);
			dependencies = (
				52D982DD1C8E7D7200409B4B /* PBXTargetDependency */,
			);
			name = SPHttpWithCacheTests;
			productName = SPHttpWithCacheTests;
			productReference = 52D982DB1C8E7D7200409B4B /* SPHttpWithCacheTests.xctest */;
			productType = "com.apple.product-type.bundle.unit-test";
		};
		52D982E51C8E7D7200409B4B /* SPHttpWithCacheUITests */ = {
			isa = PBXNativeTarget;
			buildConfigurationList = 52D982F51C8E7D7200409B4B /* Build configuration list for PBXNativeTarget "SPHttpWithCacheUITests" */;
			buildPhases = (
				52D982E21C8E7D7200409B4B /* Sources */,
				52D982E31C8E7D7200409B4B /* Frameworks */,
				52D982E41C8E7D7200409B4B /* Resources */,
			);
			buildRules = (
			);
			dependencies = (
				52D982E81C8E7D7200409B4B /* PBXTargetDependency */,
			);
			name = SPHttpWithCacheUITests;
			productName = SPHttpWithCacheUITests;
			productReference = 52D982E61C8E7D7200409B4B /* SPHttpWithCacheUITests.xctest */;
			productType = "com.apple.product-type.bundle.ui-testing";
		};
/* End PBXNativeTarget section */

/* Begin PBXProject section */
		52D982BA1C8E7D7200409B4B /* Project object */ = {
			isa = PBXProject;
			attributes = {
				LastUpgradeCheck = 0720;
				ORGANIZATIONNAME = "张洋";
				TargetAttributes = {
					52D982C11C8E7D7200409B4B = {
						CreatedOnToolsVersion = 7.2.1;
					};
					52D982DA1C8E7D7200409B4B = {
						CreatedOnToolsVersion = 7.2.1;
						TestTargetID = 52D982C11C8E7D7200409B4B;
					};
					52D982E51C8E7D7200409B4B = {
						CreatedOnToolsVersion = 7.2.1;
						TestTargetID = 52D982C11C8E7D7200409B4B;
					};
				};
			};
			buildConfigurationList = 52D982BD1C8E7D7200409B4B /* Build configuration list for PBXProject "SPHttpWithCache" */;
			compatibilityVersion = "Xcode 3.2";
			developmentRegion = English;
			hasScannedForEncodings = 0;
			knownRegions = (
				en,
				Base,
			);
			mainGroup = 52D982B91C8E7D7200409B4B;
			productRefGroup = 52D982C31C8E7D7200409B4B /* Products */;
			projectDirPath = "";
			projectRoot = "";
			targets = (
				52D982C11C8E7D7200409B4B /* SPHttpWithCache */,
				52D982DA1C8E7D7200409B4B /* SPHttpWithCacheTests */,
				52D982E51C8E7D7200409B4B /* SPHttpWithCacheUITests */,
			);
		};
/* End PBXProject section */

/* Begin PBXResourcesBuildPhase section */
		52D982C01C8E7D7200409B4B /* Resources */ = {
			isa = PBXResourcesBuildPhase;
			buildActionMask = 2147483647;
			files = (
				52D982D51C8E7D7200409B4B /* LaunchScreen.storyboard in Resources */,
				52D982D21C8E7D7200409B4B /* Assets.xcassets in Resources */,
				52D982D01C8E7D7200409B4B /* Main.storyboard in Resources */,
			);
			runOnlyForDeploymentPostprocessing = 0;
		};
		52D982D91C8E7D7200409B4B /* Resources */ = {
			isa = PBXResourcesBuildPhase;
			buildActionMask = 2147483647;
			files = (
			);
			runOnlyForDeploymentPostprocessing = 0;
		};
		52D982E41C8E7D7200409B4B /* Resources */ = {
			isa = PBXResourcesBuildPhase;
			buildActionMask = 2147483647;
			files = (
			);
			runOnlyForDeploymentPostprocessing = 0;
		};
/* End PBXResourcesBuildPhase section */

/* Begin PBXShellScriptBuildPhase section */
		61E91BFA341143E04BF7288E /* Embed Pods Frameworks */ = {
			isa = PBXShellScriptBuildPhase;
			buildActionMask = 2147483647;
			files = (
			);
			inputPaths = (
			);
			name = "Embed Pods Frameworks";
			outputPaths = (
			);
			runOnlyForDeploymentPostprocessing = 0;
			shellPath = /bin/sh;
			shellScript = "\"${SRCROOT}/Pods/Target Support Files/Pods/Pods-frameworks.sh\"\n";
			showEnvVarsInLog = 0;
		};
		64EE1232CF694667758F0494 /* Check Pods Manifest.lock */ = {
			isa = PBXShellScriptBuildPhase;
			buildActionMask = 2147483647;
			files = (
			);
			inputPaths = (
			);
			name = "Check Pods Manifest.lock";
			outputPaths = (
			);
			runOnlyForDeploymentPostprocessing = 0;
			shellPath = /bin/sh;
			shellScript = "diff \"${PODS_ROOT}/../Podfile.lock\" \"${PODS_ROOT}/Manifest.lock\" > /dev/null\nif [[ $? != 0 ]] ; then\n    cat << EOM\nerror: The sandbox is not in sync with the Podfile.lock. Run 'pod install' or update your CocoaPods installation.\nEOM\n    exit 1\nfi\n";
			showEnvVarsInLog = 0;
		};
		6770772EC621185F49DA1966 /* Copy Pods Resources */ = {
			isa = PBXShellScriptBuildPhase;
			buildActionMask = 2147483647;
			files = (
			);
			inputPaths = (
			);
			name = "Copy Pods Resources";
			outputPaths = (
			);
			runOnlyForDeploymentPostprocessing = 0;
			shellPath = /bin/sh;
			shellScript = "\"${SRCROOT}/Pods/Target Support Files/Pods/Pods-resources.sh\"\n";
			showEnvVarsInLog = 0;
		};
/* End PBXShellScriptBuildPhase section */

/* Begin PBXSourcesBuildPhase section */
		52D982BE1C8E7D7200409B4B /* Sources */ = {
			isa = PBXSourcesBuildPhase;
			buildActionMask = 2147483647;
			files = (
				52D982CD1C8E7D7200409B4B /* ViewController.m in Sources */,
				52D982CA1C8E7D7200409B4B /* AppDelegate.m in Sources */,
				52D982C71C8E7D7200409B4B /* main.m in Sources */,
				52D982FA1C8E803100409B4B /* SPHttpWithYYCache.m in Sources */,
			);
			runOnlyForDeploymentPostprocessing = 0;
		};
		52D982D71C8E7D7200409B4B /* Sources */ = {
			isa = PBXSourcesBuildPhase;
			buildActionMask = 2147483647;
			files = (
				52D982E01C8E7D7200409B4B /* SPHttpWithCacheTests.m in Sources */,
			);
			runOnlyForDeploymentPostprocessing = 0;
		};
		52D982E21C8E7D7200409B4B /* Sources */ = {
			isa = PBXSourcesBuildPhase;
			buildActionMask = 2147483647;
			files = (
				52D982EB1C8E7D7200409B4B /* SPHttpWithCacheUITests.m in Sources */,
			);
			runOnlyForDeploymentPostprocessing = 0;
		};
/* End PBXSourcesBuildPhase section */

/* Begin PBXTargetDependency section */
		52D982DD1C8E7D7200409B4B /* PBXTargetDependency */ = {
			isa = PBXTargetDependency;
			target = 52D982C11C8E7D7200409B4B /* SPHttpWithCache */;
			targetProxy = 52D982DC1C8E7D7200409B4B /* PBXContainerItemProxy */;
		};
		52D982E81C8E7D7200409B4B /* PBXTargetDependency */ = {
			isa = PBXTargetDependency;
			target = 52D982C11C8E7D7200409B4B /* SPHttpWithCache */;
			targetProxy = 52D982E71C8E7D7200409B4B /* PBXContainerItemProxy */;
		};
/* End PBXTargetDependency section */

/* Begin PBXVariantGroup section */
		52D982CE1C8E7D7200409B4B /* Main.storyboard */ = {
			isa = PBXVariantGroup;
			children = (
				52D982CF1C8E7D7200409B4B /* Base */,
			);
			name = Main.storyboard;
			sourceTree = "<group>";
		};
		52D982D31C8E7D7200409B4B /* LaunchScreen.storyboard */ = {
			isa = PBXVariantGroup;
			children = (
				52D982D41C8E7D7200409B4B /* Base */,
			);
			name = LaunchScreen.storyboard;
			sourceTree = "<group>";
		};
/* End PBXVariantGroup section */

/* Begin XCBuildConfiguration section */
		52D982ED1C8E7D7200409B4B /* Debug */ = {
			isa = XCBuildConfiguration;
			buildSettings = {
				ALWAYS_SEARCH_USER_PATHS = NO;
				CLANG_CXX_LANGUAGE_STANDARD = "gnu++0x";
				CLANG_CXX_LIBRARY = "libc++";
				CLANG_ENABLE_MODULES = YES;
				CLANG_ENABLE_OBJC_ARC = YES;
				CLANG_WARN_BOOL_CONVERSION = YES;
				CLANG_WARN_CONSTANT_CONVERSION = YES;
				CLANG_WARN_DIRECT_OBJC_ISA_USAGE = YES_ERROR;
				CLANG_WARN_EMPTY_BODY = YES;
				CLANG_WARN_ENUM_CONVERSION = YES;
				CLANG_WARN_INT_CONVERSION = YES;
				CLANG_WARN_OBJC_ROOT_CLASS = YES_ERROR;
				CLANG_WARN_UNREACHABLE_CODE = YES;
				CLANG_WARN__DUPLICATE_METHOD_MATCH = YES;
				"CODE_SIGN_IDENTITY[sdk=iphoneos*]" = "iPhone Developer";
				COPY_PHASE_STRIP = NO;
				DEBUG_INFORMATION_FORMAT = dwarf;
				ENABLE_STRICT_OBJC_MSGSEND = YES;
				ENABLE_TESTABILITY = YES;
				GCC_C_LANGUAGE_STANDARD = gnu99;
				GCC_DYNAMIC_NO_PIC = NO;
				GCC_NO_COMMON_BLOCKS = YES;
				GCC_OPTIMIZATION_LEVEL = 0;
				GCC_PREPROCESSOR_DEFINITIONS = (
					"DEBUG=1",
					"$(inherited)",
				);
				GCC_WARN_64_TO_32_BIT_CONVERSION = YES;
				GCC_WARN_ABOUT_RETURN_TYPE = YES_ERROR;
				GCC_WARN_UNDECLARED_SELECTOR = YES;
				GCC_WARN_UNINITIALIZED_AUTOS = YES_AGGRESSIVE;
				GCC_WARN_UNUSED_FUNCTION = YES;
				GCC_WARN_UNUSED_VARIABLE = YES;
				IPHONEOS_DEPLOYMENT_TARGET = 9.2;
				MTL_ENABLE_DEBUG_INFO = YES;
				ONLY_ACTIVE_ARCH = YES;
				SDKROOT = iphoneos;
				TARGETED_DEVICE_FAMILY = "1,2";
			};
			name = Debug;
		};
		52D982EE1C8E7D7200409B4B /* Release */ = {
			isa = XCBuildConfiguration;
			buildSettings = {
				ALWAYS_SEARCH_USER_PATHS = NO;
				CLANG_CXX_LANGUAGE_STANDARD = "gnu++0x";
				CLANG_CXX_LIBRARY = "libc++";
				CLANG_ENABLE_MODULES = YES;
				CLANG_ENABLE_OBJC_ARC = YES;
				CLANG_WARN_BOOL_CONVERSION = YES;
				CLANG_WARN_CONSTANT_CONVERSION = YES;
				CLANG_WARN_DIRECT_OBJC_ISA_USAGE = YES_ERROR;
				CLANG_WARN_EMPTY_BODY = YES;
				CLANG_WARN_ENUM_CONVERSION = YES;
				CLANG_WARN_INT_CONVERSION = YES;
				CLANG_WARN_OBJC_ROOT_CLASS = YES_ERROR;
				CLANG_WARN_UNREACHABLE_CODE = YES;
				CLANG_WARN__DUPLICATE_METHOD_MATCH = YES;
				"CODE_SIGN_IDENTITY[sdk=iphoneos*]" = "iPhone Developer";
				COPY_PHASE_STRIP = NO;
				DEBUG_INFORMATION_FORMAT = "dwarf-with-dsym";
				ENABLE_NS_ASSERTIONS = NO;
				ENABLE_STRICT_OBJC_MSGSEND = YES;
				GCC_C_LANGUAGE_STANDARD = gnu99;
				GCC_NO_COMMON_BLOCKS = YES;
				GCC_WARN_64_TO_32_BIT_CONVERSION = YES;
				GCC_WARN_ABOUT_RETURN_TYPE = YES_ERROR;
				GCC_WARN_UNDECLARED_SELECTOR = YES;
				GCC_WARN_UNINITIALIZED_AUTOS = YES_AGGRESSIVE;
				GCC_WARN_UNUSED_FUNCTION = YES;
				GCC_WARN_UNUSED_VARIABLE = YES;
				IPHONEOS_DEPLOYMENT_TARGET = 9.2;
				MTL_ENABLE_DEBUG_INFO = NO;
				SDKROOT = iphoneos;
				TARGETED_DEVICE_FAMILY = "1,2";
				VALIDATE_PRODUCT = YES;
			};
			name = Release;
		};
		52D982F01C8E7D7200409B4B /* Debug */ = {
			isa = XCBuildConfiguration;
			baseConfigurationReference = DBB9C43E700CDB081AB49EB5 /* Pods.debug.xcconfig */;
			buildSettings = {
				ASSETCATALOG_COMPILER_APPICON_NAME = AppIcon;
				INFOPLIST_FILE = SPHttpWithCache/Info.plist;
				LD_RUNPATH_SEARCH_PATHS = "$(inherited) @executable_path/Frameworks";
				PRODUCT_BUNDLE_IDENTIFIER = com.Daniu.SPHttpWithCache;
				PRODUCT_NAME = "$(TARGET_NAME)";
			};
			name = Debug;
		};
		52D982F11C8E7D7200409B4B /* Release */ = {
			isa = XCBuildConfiguration;
			baseConfigurationReference = 3543618143A691E8E1AFFF13 /* Pods.release.xcconfig */;
			buildSettings = {
				ASSETCATALOG_COMPILER_APPICON_NAME = AppIcon;
				INFOPLIST_FILE = SPHttpWithCache/Info.plist;
				LD_RUNPATH_SEARCH_PATHS = "$(inherited) @executable_path/Frameworks";
				PRODUCT_BUNDLE_IDENTIFIER = com.Daniu.SPHttpWithCache;
				PRODUCT_NAME = "$(TARGET_NAME)";
			};
			name = Release;
		};
		52D982F31C8E7D7200409B4B /* Debug */ = {
			isa = XCBuildConfiguration;
			buildSettings = {
				BUNDLE_LOADER = "$(TEST_HOST)";
				INFOPLIST_FILE = SPHttpWithCacheTests/Info.plist;
				LD_RUNPATH_SEARCH_PATHS = "$(inherited) @executable_path/Frameworks @loader_path/Frameworks";
				PRODUCT_BUNDLE_IDENTIFIER = com.Daniu.SPHttpWithCacheTests;
				PRODUCT_NAME = "$(TARGET_NAME)";
				TEST_HOST = "$(BUILT_PRODUCTS_DIR)/SPHttpWithCache.app/SPHttpWithCache";
			};
			name = Debug;
		};
		52D982F41C8E7D7200409B4B /* Release */ = {
			isa = XCBuildConfiguration;
			buildSettings = {
				BUNDLE_LOADER = "$(TEST_HOST)";
				INFOPLIST_FILE = SPHttpWithCacheTests/Info.plist;
				LD_RUNPATH_SEARCH_PATHS = "$(inherited) @executable_path/Frameworks @loader_path/Frameworks";
				PRODUCT_BUNDLE_IDENTIFIER = com.Daniu.SPHttpWithCacheTests;
				PRODUCT_NAME = "$(TARGET_NAME)";
				TEST_HOST = "$(BUILT_PRODUCTS_DIR)/SPHttpWithCache.app/SPHttpWithCache";
			};
			name = Release;
		};
		52D982F61C8E7D7200409B4B /* Debug */ = {
			isa = XCBuildConfiguration;
			buildSettings = {
				INFOPLIST_FILE = SPHttpWithCacheUITests/Info.plist;
				LD_RUNPATH_SEARCH_PATHS = "$(inherited) @executable_path/Frameworks @loader_path/Frameworks";
				PRODUCT_BUNDLE_IDENTIFIER = com.Daniu.SPHttpWithCacheUITests;
				PRODUCT_NAME = "$(TARGET_NAME)";
				TEST_TARGET_NAME = SPHttpWithCache;
				USES_XCTRUNNER = YES;
			};
			name = Debug;
		};
		52D982F71C8E7D7200409B4B /* Release */ = {
			isa = XCBuildConfiguration;
			buildSettings = {
				INFOPLIST_FILE = SPHttpWithCacheUITests/Info.plist;
				LD_RUNPATH_SEARCH_PATHS = "$(inherited) @executable_path/Frameworks @loader_path/Frameworks";
				PRODUCT_BUNDLE_IDENTIFIER = com.Daniu.SPHttpWithCacheUITests;
				PRODUCT_NAME = "$(TARGET_NAME)";
				TEST_TARGET_NAME = SPHttpWithCache;
				USES_XCTRUNNER = YES;
			};
			name = Release;
		};
/* End XCBuildConfiguration section */

/* Begin XCConfigurationList section */
		52D982BD1C8E7D7200409B4B /* Build configuration list for PBXProject "SPHttpWithCache" */ = {
			isa = XCConfigurationList;
			buildConfigurations = (
				52D982ED1C8E7D7200409B4B /* Debug */,
				52D982EE1C8E7D7200409B4B /* Release */,
			);
			defaultConfigurationIsVisible = 0;
			defaultConfigurationName = Release;
		};
		52D982EF1C8E7D7200409B4B /* Build configuration list for PBXNativeTarget "SPHttpWithCache" */ = {
			isa = XCConfigurationList;
			buildConfigurations = (
				52D982F01C8E7D7200409B4B /* Debug */,
				52D982F11C8E7D7200409B4B /* Release */,
			);
			defaultConfigurationIsVisible = 0;
			defaultConfigurationName = Release;
		};
		52D982F21C8E7D7200409B4B /* Build configuration list for PBXNativeTarget "SPHttpWithCacheTests" */ = {
			isa = XCConfigurationList;
			buildConfigurations = (
				52D982F31C8E7D7200409B4B /* Debug */,
				52D982F41C8E7D7200409B4B /* Release */,
			);
			defaultConfigurationIsVisible = 0;
			defaultConfigurationName = Release;
		};
		52D982F51C8E7D7200409B4B /* Build configuration list for PBXNativeTarget "SPHttpWithCacheUITests" */ = {
			isa = XCConfigurationList;
			buildConfigurations = (
				52D982F61C8E7D7200409B4B /* Debug */,
				52D982F71C8E7D7200409B4B /* Release */,
			);
			defaultConfigurationIsVisible = 0;
			defaultConfigurationName = Release;
		};
/* End XCConfigurationList section */
	};
	rootObject = 52D982BA1C8E7D7200409B4B /* Project object */;
}
